
Microsoft Visual Studio Solution File, Format Version 12.00
# Visual Studio Version 17
VisualStudioVersion = 17.4.33205.214
MinimumVisualStudioVersion = 10.0.40219.1
Project("{FAE04EC0-301F-11D3-BF4B-00C04F79EFBC}") = "AnimalSitter", "AnimalSitter.csproj", "{8B61719C-1391-4877-A318-B4592A3B4E24}"
EndProject
Global
	GlobalSection(SolutionConfigurationPlatforms) = preSolution
		Debug|Any CPU = Debug|Any CPU
		Release|Any CPU = Release|Any CPU
	EndGlobalSection
	GlobalSection(ProjectConfigurationPlatforms) = postSolution
		{8B61719C-1391-4877-A318-B4592A3B4E24}.Debug|Any CPU.ActiveCfg = Debug|Any CPU
		{8B61719C-1391-4877-A318-B4592A3B4E24}.Debug|Any CPU.Build.0 = Debug|Any CPU
		{8B61719C-1391-4877-A318-B4592A3B4E24}.Release|Any CPU.ActiveCfg = Release|Any CPU
		{8B61719C-1391-4877-A318-B4592A3B4E24}.Release|Any CPU.Build.0 = Release|Any CPU
	EndGlobalSection
	GlobalSection(SolutionProperties) = preSolution
		HideSolutionNode = FALSE
	EndGlobalSection
	GlobalSection(ExtensibilityGlobals) = postSolution
		SolutionGuid = {3159ABE5-ECE4-4373-AB81-072436045699}
	EndGlobalSection
EndGlobal
